
Microsoft Visual Studio Solution File, Format Version 12.00
# Visual Studio Version 16
VisualStudioVersion = 16.0.31313.79
MinimumVisualStudioVersion = 10.0.40219.1
Project("{FAE04EC0-301F-11D3-BF4B-00C04F79EFBC}") = "VRCAccountGen", "VRCAccountGen\VRCAccountGen.csproj", "{28A46F4C-FFA3-4317-8A6E-66EB39BFC329}"
EndProject
Global
	GlobalSection(SolutionConfigurationPlatforms) = preSolution
		Debug|Any CPU = Debug|Any CPU
		Release|Any CPU = Release|Any CPU
	EndGlobalSection
	GlobalSection(ProjectConfigurationPlatforms) = postSolution
		{28A46F4C-FFA3-4317-8A6E-66EB39BFC329}.Debug|Any CPU.ActiveCfg = Debug|Any CPU
		{28A46F4C-FFA3-4317-8A6E-66EB39BFC329}.Debug|Any CPU.Build.0 = Debug|Any CPU
		{28A46F4C-FFA3-4317-8A6E-66EB39BFC329}.Release|Any CPU.ActiveCfg = Release|Any CPU
		{28A46F4C-FFA3-4317-8A6E-66EB39BFC329}.Release|Any CPU.Build.0 = Release|Any CPU
	EndGlobalSection
	GlobalSection(SolutionProperties) = preSolution
		HideSolutionNode = FALSE
	EndGlobalSection
	GlobalSection(ExtensibilityGlobals) = postSolution
		SolutionGuid = {4A1C9445-47DB-42F1-8328-15C954F7D683}
	EndGlobalSection
EndGlobal
